
Microsoft Visual Studio Solution File, Format Version 12.00
# Visual Studio Version 16
VisualStudioVersion = 16.0.31025.194
MinimumVisualStudioVersion = 10.0.40219.1
Project("{FAE04EC0-301F-11D3-BF4B-00C04F79EFBC}") = "BasicCalculator", "BasicCalculator\BasicCalculator.csproj", "{118B03CA-1D87-4078-959A-ED8B7D2F4F5B}"
EndProject
Global
	GlobalSection(SolutionConfigurationPlatforms) = preSolution
		Debug|Any CPU = Debug|Any CPU
		Release|Any CPU = Release|Any CPU
	EndGlobalSection
	GlobalSection(ProjectConfigurationPlatforms) = postSolution
		{118B03CA-1D87-4078-959A-ED8B7D2F4F5B}.Debug|Any CPU.ActiveCfg = Debug|Any CPU
		{118B03CA-1D87-4078-959A-ED8B7D2F4F5B}.Debug|Any CPU.Build.0 = Debug|Any CPU
		{118B03CA-1D87-4078-959A-ED8B7D2F4F5B}.Release|Any CPU.ActiveCfg = Release|Any CPU
		{118B03CA-1D87-4078-959A-ED8B7D2F4F5B}.Release|Any CPU.Build.0 = Release|Any CPU
	EndGlobalSection
	GlobalSection(SolutionProperties) = preSolution
		HideSolutionNode = FALSE
	EndGlobalSection
	GlobalSection(ExtensibilityGlobals) = postSolution
		SolutionGuid = {3FFC05CA-E985-4F2E-A2EF-E6A174F62AD3}
	EndGlobalSection
EndGlobal
